
Microsoft Visual Studio Solution File, Format Version 12.00
# Visual Studio Version 17
VisualStudioVersion = 17.13.35825.156
MinimumVisualStudioVersion = 10.0.40219.1
Project("{9A19103F-16F7-4668-BE54-9A1E7A4F7556}") = "ApartmentManagement", "ApartmentManagement\ApartmentManagement.csproj", "{932EE5F8-DB77-4C00-A9D2-F80795CA51FC}"
EndProject
Project("{2150E333-8FDC-42A3-9474-1A3956D46DE8}") = "Solution Items", "Solution Items", "{6598BA51-CE03-4187-A01F-640159C32CFF}"
	ProjectSection(SolutionItems) = preProject
		C:\Users\ADMIN\Desktop\bcons_vLA_icon.ico = C:\Users\ADMIN\Desktop\bcons_vLA_icon.ico
	EndProjectSection
EndProject
Global
	GlobalSection(SolutionConfigurationPlatforms) = preSolution
		Debug|Any CPU = Debug|Any CPU
		Release|Any CPU = Release|Any CPU
	EndGlobalSection
	GlobalSection(ProjectConfigurationPlatforms) = postSolution
		{932EE5F8-DB77-4C00-A9D2-F80795CA51FC}.Debug|Any CPU.ActiveCfg = Debug|Any CPU
		{932EE5F8-DB77-4C00-A9D2-F80795CA51FC}.Debug|Any CPU.Build.0 = Debug|Any CPU
		{932EE5F8-DB77-4C00-A9D2-F80795CA51FC}.Release|Any CPU.ActiveCfg = Release|Any CPU
		{932EE5F8-DB77-4C00-A9D2-F80795CA51FC}.Release|Any CPU.Build.0 = Release|Any CPU
	EndGlobalSection
	GlobalSection(SolutionProperties) = preSolution
		HideSolutionNode = FALSE
	EndGlobalSection
	GlobalSection(ExtensibilityGlobals) = postSolution
		SolutionGuid = {089BC156-97AC-44C6-BBC0-13CCE546613F}
	EndGlobalSection
EndGlobal
